
Microsoft Visual Studio Solution File, Format Version 11.00
# Visual Studio 2010
Project("{8BC9CEB8-8B4A-11D0-8D11-00A0C91BC942}") = "3DGraphicsProgrammingCoursework_AG0902A", "3DGraphicsProgrammingCoursework_AG0902A\3DGraphicsProgrammingCoursework_AG0902A.vcxproj", "{EBF5CD85-6625-46B1-9957-4C00D4B5AA40}"
EndProject
Global
	GlobalSection(SolutionConfigurationPlatforms) = preSolution
		Debug|Win32 = Debug|Win32
		Release|Win32 = Release|Win32
	EndGlobalSection
	GlobalSection(ProjectConfigurationPlatforms) = postSolution
		{EBF5CD85-6625-46B1-9957-4C00D4B5AA40}.Debug|Win32.ActiveCfg = Debug|Win32
		{EBF5CD85-6625-46B1-9957-4C00D4B5AA40}.Debug|Win32.Build.0 = Debug|Win32
		{EBF5CD85-6625-46B1-9957-4C00D4B5AA40}.Release|Win32.ActiveCfg = Release|Win32
		{EBF5CD85-6625-46B1-9957-4C00D4B5AA40}.Release|Win32.Build.0 = Release|Win32
	EndGlobalSection
	GlobalSection(SolutionProperties) = preSolution
		HideSolutionNode = FALSE
	EndGlobalSection
EndGlobal
