<?xml version="1.0" encoding="utf-8"?>
<Project ToolsVersion="4.0" xmlns="http://schemas.microsoft.com/developer/msbuild/2003">
  <ItemGroup>
    <Filter Include="Source Files">
      <UniqueIdentifier>{4FC737F1-C7A5-4376-A066-2A32D752A2FF}</UniqueIdentifier>
      <Extensions>cpp;c;cc;cxx;def;odl;idl;hpj;bat;asm;asmx</Extensions>
    </Filter>
    <Filter Include="Header Files">
      <UniqueIdentifier>{93995380-89BD-4b04-88EB-625FBE52EBFB}</UniqueIdentifier>
      <Extensions>h;hpp;hxx;hm;inl;inc;xsd</Extensions>
    </Filter>
    <Filter Include="Resource Files">
      <UniqueIdentifier>{67DA6AB6-F800-4c08-8B7A-83BB121AAD01}</UniqueIdentifier>
      <Extensions>rc;ico;cur;bmp;dlg;rc2;rct;bin;rgs;gif;jpg;jpeg;jpe;resx;tiff;tif;png;wav;mfcribbon-ms</Extensions>
    </Filter>
    <Filter Include="Header Files\App">
      <UniqueIdentifier>{0e0bf3bb-bee5-47bf-9cbe-21ce9fdb3d38}</UniqueIdentifier>
    </Filter>
    <Filter Include="Header Files\DirectSound">
      <UniqueIdentifier>{0b53d35e-9d13-4ec9-8e02-1ad7d60e8175}</UniqueIdentifier>
    </Filter>
    <Filter Include="Source Files\DirectSound">
      <UniqueIdentifier>{dcaa19df-a087-43df-a0a6-2370c6f73e19}</UniqueIdentifier>
    </Filter>
    <Filter Include="Source Files\App">
      <UniqueIdentifier>{71af8d60-7b00-4a61-8d27-f94c44b8608b}</UniqueIdentifier>
    </Filter>
  </ItemGroup>
  <ItemGroup>
    <ClInclude Include="\\vmwfil03\students$\0901264\Year3Sem2\Sound\Coursework\AG0901_0901264_PorgrammingEnvironmentsCoursework\AG0901_0901264_PorgrammingEnvironmentsCoursework\HeaderFiles\dsoundUtility.h">
      <Filter>Header Files\DirectSound</Filter>
    </ClInclude>
    <ClInclude Include="\\vmwfil03\students$\0901264\Year3Sem2\Sound\Coursework\AG0901_0901264_PorgrammingEnvironmentsCoursework\AG0901_0901264_PorgrammingEnvironmentsCoursework\HeaderFiles\Compass.h">
      <Filter>Header Files\App</Filter>
    </ClInclude>
    <ClInclude Include="\\vmwfil03\students$\0901264\Year3Sem2\Sound\Coursework\AG0901_0901264_PorgrammingEnvironmentsCoursework\AG0901_0901264_PorgrammingEnvironmentsCoursework\HeaderFiles\EnvSound.h">
      <Filter>Header Files\App</Filter>
    </ClInclude>
    <ClInclude Include="\\vmwfil03\students$\0901264\Year3Sem2\Sound\Coursework\AG0901_0901264_PorgrammingEnvironmentsCoursework\AG0901_0901264_PorgrammingEnvironmentsCoursework\HeaderFiles\TurningHead.h">
      <Filter>Header Files\App</Filter>
    </ClInclude>
  </ItemGroup>
  <ItemGroup>
    <ClCompile Include="\\vmwfil03\students$\0901264\Year3Sem2\Sound\Coursework\AG0901_0901264_PorgrammingEnvironmentsCoursework\AG0901_0901264_PorgrammingEnvironmentsCoursework\SourceFiles\dsoundUtility.cpp">
      <Filter>Source Files\DirectSound</Filter>
    </ClCompile>
    <ClCompile Include="\\vmwfil03\students$\0901264\Year3Sem2\Sound\Coursework\AG0901_0901264_PorgrammingEnvironmentsCoursework\AG0901_0901264_PorgrammingEnvironmentsCoursework\SourceFiles\Compass.cpp">
      <Filter>Source Files\App</Filter>
    </ClCompile>
    <ClCompile Include="\\vmwfil03\students$\0901264\Year3Sem2\Sound\Coursework\AG0901_0901264_PorgrammingEnvironmentsCoursework\AG0901_0901264_PorgrammingEnvironmentsCoursework\SourceFiles\EnvSound.cpp">
      <Filter>Source Files\App</Filter>
    </ClCompile>
    <ClCompile Include="\\vmwfil03\students$\0901264\Year3Sem2\Sound\Coursework\AG0901_0901264_PorgrammingEnvironmentsCoursework\AG0901_0901264_PorgrammingEnvironmentsCoursework\SourceFiles\TurningHead.cpp">
      <Filter>Source Files\App</Filter>
    </ClCompile>
    <ClCompile Include="\\vmwfil03\students$\0901264\Year3Sem2\Sound\Coursework\AG0901_0901264_PorgrammingEnvironmentsCoursework\AG0901_0901264_PorgrammingEnvironmentsCoursework\SourceFiles\TurningHeadApp.cpp">
      <Filter>Source Files\App</Filter>
    </ClCompile>
  </ItemGroup>
</Project>